{
  "name": "hackathon-h1-26",
  "version": "1.0.0",
  "lockfileVersion": 3,
  "requires": true,
  "packages": {
    "": {
      "name": "hackathon-h1-26",
      "version": "1.0.0",
      "license": "ISC",
      "dependencies": {
        "@jumio/websdk": "^0.4.0"
      }
    },
    "node_modules/@jumio/websdk": {
      "version": "0.4.0",
      "resolved": "https://registry.npmjs.org/@jumio/websdk/-/websdk-0.4.0.tgz",
      "integrity": "sha512-+58C3EOSFCT633uLYI80fDo3XE2vuzdN9LKOTgiQq7SfcP9GSCivM48EActh3Wsw+XkYkQCOk2l2rBkmcfnTxw==",
      "license": "UNLICENSED"
    }
  }
}
